
Microsoft Visual Studio Solution File, Format Version 12.00
# Visual Studio Version 17
VisualStudioVersion = 17.3.32804.467
MinimumVisualStudioVersion = 10.0.40219.1
Project("{FAE04EC0-301F-11D3-BF4B-00C04F79EFBC}") = "LinkedListGeneric", "LinkedListGeneric.csproj", "{62D20826-2A61-4236-AF8F-9650FDB93A1D}"
EndProject
Global
	GlobalSection(SolutionConfigurationPlatforms) = preSolution
		Debug|Any CPU = Debug|Any CPU
		Release|Any CPU = Release|Any CPU
	EndGlobalSection
	GlobalSection(ProjectConfigurationPlatforms) = postSolution
		{62D20826-2A61-4236-AF8F-9650FDB93A1D}.Debug|Any CPU.ActiveCfg = Debug|Any CPU
		{62D20826-2A61-4236-AF8F-9650FDB93A1D}.Debug|Any CPU.Build.0 = Debug|Any CPU
		{62D20826-2A61-4236-AF8F-9650FDB93A1D}.Release|Any CPU.ActiveCfg = Release|Any CPU
		{62D20826-2A61-4236-AF8F-9650FDB93A1D}.Release|Any CPU.Build.0 = Release|Any CPU
	EndGlobalSection
	GlobalSection(SolutionProperties) = preSolution
		HideSolutionNode = FALSE
	EndGlobalSection
	GlobalSection(ExtensibilityGlobals) = postSolution
		SolutionGuid = {F26A343C-10CA-474A-80E1-702EC62D39A6}
	EndGlobalSection
EndGlobal
